
Microsoft Visual Studio Solution File, Format Version 12.00
# Visual Studio Version 16
VisualStudioVersion = 16.0.31005.135
MinimumVisualStudioVersion = 10.0.40219.1
Project("{FAE04EC0-301F-11D3-BF4B-00C04F79EFBC}") = "SimpleApplicationTestingMvcSkills", "SimpleApplicationTestingMvcSkills\SimpleApplicationTestingMvcSkills.csproj", "{03ACC8B2-2320-4195-A4CF-47D69BD7D7F2}"
EndProject
Global
	GlobalSection(SolutionConfigurationPlatforms) = preSolution
		Debug|Any CPU = Debug|Any CPU
		Release|Any CPU = Release|Any CPU
	EndGlobalSection
	GlobalSection(ProjectConfigurationPlatforms) = postSolution
		{03ACC8B2-2320-4195-A4CF-47D69BD7D7F2}.Debug|Any CPU.ActiveCfg = Debug|Any CPU
		{03ACC8B2-2320-4195-A4CF-47D69BD7D7F2}.Debug|Any CPU.Build.0 = Debug|Any CPU
		{03ACC8B2-2320-4195-A4CF-47D69BD7D7F2}.Release|Any CPU.ActiveCfg = Release|Any CPU
		{03ACC8B2-2320-4195-A4CF-47D69BD7D7F2}.Release|Any CPU.Build.0 = Release|Any CPU
	EndGlobalSection
	GlobalSection(SolutionProperties) = preSolution
		HideSolutionNode = FALSE
	EndGlobalSection
	GlobalSection(ExtensibilityGlobals) = postSolution
		SolutionGuid = {2D896A18-F0AD-457B-BC95-7929613DF98E}
	EndGlobalSection
EndGlobal
